
Microsoft Visual Studio Solution File, Format Version 12.00
# Visual Studio 15
VisualStudioVersion = 15.0.28307.106
MinimumVisualStudioVersion = 10.0.40219.1
Project("{9A19103F-16F7-4668-BE54-9A1E7A4F7556}") = "SeleniumFirst", "SeleniumFirst\SeleniumFirst.csproj", "{3A9A29AF-730D-4AC8-A47E-21E0225676AA}"
EndProject
Project("{FAE04EC0-301F-11D3-BF4B-00C04F79EFBC}") = "SeleninumTests", "SeleninumTests\SeleninumTests.csproj", "{680F7970-3A27-4333-A603-9616CFC5D378}"
EndProject
Global
	GlobalSection(SolutionConfigurationPlatforms) = preSolution
		Debug|Any CPU = Debug|Any CPU
		Release|Any CPU = Release|Any CPU
	EndGlobalSection
	GlobalSection(ProjectConfigurationPlatforms) = postSolution
		{3A9A29AF-730D-4AC8-A47E-21E0225676AA}.Debug|Any CPU.ActiveCfg = Debug|Any CPU
		{3A9A29AF-730D-4AC8-A47E-21E0225676AA}.Debug|Any CPU.Build.0 = Debug|Any CPU
		{3A9A29AF-730D-4AC8-A47E-21E0225676AA}.Release|Any CPU.ActiveCfg = Release|Any CPU
		{3A9A29AF-730D-4AC8-A47E-21E0225676AA}.Release|Any CPU.Build.0 = Release|Any CPU
		{680F7970-3A27-4333-A603-9616CFC5D378}.Debug|Any CPU.ActiveCfg = Debug|Any CPU
		{680F7970-3A27-4333-A603-9616CFC5D378}.Debug|Any CPU.Build.0 = Debug|Any CPU
		{680F7970-3A27-4333-A603-9616CFC5D378}.Release|Any CPU.ActiveCfg = Release|Any CPU
		{680F7970-3A27-4333-A603-9616CFC5D378}.Release|Any CPU.Build.0 = Release|Any CPU
	EndGlobalSection
	GlobalSection(SolutionProperties) = preSolution
		HideSolutionNode = FALSE
	EndGlobalSection
	GlobalSection(ExtensibilityGlobals) = postSolution
		SolutionGuid = {26A2DCB4-43DA-4D78-98C2-C4DA95E14DCE}
	EndGlobalSection
EndGlobal
